
Microsoft Visual Studio Solution File, Format Version 12.00
# Visual Studio Version 17
VisualStudioVersion = 17.0.31903.59
MinimumVisualStudioVersion = 10.0.40219.1
Project("{FAE04EC0-301F-11D3-BF4B-00C04F79EFBC}") = "Fina.Api", "Fina.Api\Fina.Api.csproj", "{A5AD562C-28F5-4086-9362-38C554FB3AF6}"
EndProject
Project("{FAE04EC0-301F-11D3-BF4B-00C04F79EFBC}") = "Fina.Core", "Fina.Core\Fina.Core.csproj", "{AABC66B1-41AA-4355-8D00-1013445122AF}"
EndProject
Project("{FAE04EC0-301F-11D3-BF4B-00C04F79EFBC}") = "Fina.Web", "Fina.Web\Fina.Web.csproj", "{044944DD-8A51-4B78-AD15-4F36A02A9C60}"
EndProject
Global
	GlobalSection(SolutionConfigurationPlatforms) = preSolution
		Debug|Any CPU = Debug|Any CPU
		Release|Any CPU = Release|Any CPU
	EndGlobalSection
	GlobalSection(SolutionProperties) = preSolution
		HideSolutionNode = FALSE
	EndGlobalSection
	GlobalSection(ProjectConfigurationPlatforms) = postSolution
		{A5AD562C-28F5-4086-9362-38C554FB3AF6}.Debug|Any CPU.ActiveCfg = Debug|Any CPU
		{A5AD562C-28F5-4086-9362-38C554FB3AF6}.Debug|Any CPU.Build.0 = Debug|Any CPU
		{A5AD562C-28F5-4086-9362-38C554FB3AF6}.Release|Any CPU.ActiveCfg = Release|Any CPU
		{A5AD562C-28F5-4086-9362-38C554FB3AF6}.Release|Any CPU.Build.0 = Release|Any CPU
		{AABC66B1-41AA-4355-8D00-1013445122AF}.Debug|Any CPU.ActiveCfg = Debug|Any CPU
		{AABC66B1-41AA-4355-8D00-1013445122AF}.Debug|Any CPU.Build.0 = Debug|Any CPU
		{AABC66B1-41AA-4355-8D00-1013445122AF}.Release|Any CPU.ActiveCfg = Release|Any CPU
		{AABC66B1-41AA-4355-8D00-1013445122AF}.Release|Any CPU.Build.0 = Release|Any CPU
		{044944DD-8A51-4B78-AD15-4F36A02A9C60}.Debug|Any CPU.ActiveCfg = Debug|Any CPU
		{044944DD-8A51-4B78-AD15-4F36A02A9C60}.Debug|Any CPU.Build.0 = Debug|Any CPU
		{044944DD-8A51-4B78-AD15-4F36A02A9C60}.Release|Any CPU.ActiveCfg = Release|Any CPU
		{044944DD-8A51-4B78-AD15-4F36A02A9C60}.Release|Any CPU.Build.0 = Release|Any CPU
	EndGlobalSection
EndGlobal
